
Microsoft Visual Studio Solution File, Format Version 12.00
# Visual Studio 15
VisualStudioVersion = 15.0.27428.2005
MinimumVisualStudioVersion = 10.0.40219.1
Project("{FAE04EC0-301F-11D3-BF4B-00C04F79EFBC}") = "Demo", "Demo\Demo.csproj", "{A2670A5F-707A-4F23-BDA0-2031AEDB4B23}"
EndProject
Global
	GlobalSection(SolutionConfigurationPlatforms) = preSolution
		Debug|Any CPU = Debug|Any CPU
		Release|Any CPU = Release|Any CPU
	EndGlobalSection
	GlobalSection(ProjectConfigurationPlatforms) = postSolution
		{A2670A5F-707A-4F23-BDA0-2031AEDB4B23}.Debug|Any CPU.ActiveCfg = Debug|Any CPU
		{A2670A5F-707A-4F23-BDA0-2031AEDB4B23}.Debug|Any CPU.Build.0 = Debug|Any CPU
		{A2670A5F-707A-4F23-BDA0-2031AEDB4B23}.Release|Any CPU.ActiveCfg = Release|Any CPU
		{A2670A5F-707A-4F23-BDA0-2031AEDB4B23}.Release|Any CPU.Build.0 = Release|Any CPU
	EndGlobalSection
	GlobalSection(SolutionProperties) = preSolution
		HideSolutionNode = FALSE
	EndGlobalSection
	GlobalSection(ExtensibilityGlobals) = postSolution
		SolutionGuid = {D055786F-7EFC-4CE5-A7D9-3F7591DA4803}
	EndGlobalSection
EndGlobal
